
Microsoft Visual Studio Solution File, Format Version 12.00
# Visual Studio Version 17
VisualStudioVersion = 17.3.32825.248
MinimumVisualStudioVersion = 10.0.40219.1
Project("{8BC9CEB8-8B4A-11D0-8D11-00A0C91BC942}") = "TeamBasedSoftware-Sec2-Group 10", "TeamBasedSoftware-Sec2-Group 10\TeamBasedSoftware-Sec2-Group 10.vcxproj", "{B0EF922F-58F1-40AF-AEA8-BFD2B3A20B7F}"
EndProject
Project("{8BC9CEB8-8B4A-11D0-8D11-00A0C91BC942}") = "REQ-AUTH-01", "REQ-AUTH-001\REQ-AUTH-001.vcxproj", "{0C9C6ECA-21AD-46D3-B750-F06E1F065641}"
EndProject
Project("{8BC9CEB8-8B4A-11D0-8D11-00A0C91BC942}") = "REQ-AUTH-02", "REQ-AUTH-02\REQ-AUTH-02.vcxproj", "{D0D26EC2-4761-49A9-A40A-2D07D251C33D}"
EndProject
Project("{8BC9CEB8-8B4A-11D0-8D11-00A0C91BC942}") = "REQ-AUTH-03", "REQ-AUTH-03\REQ-AUTH-03.vcxproj", "{83ACEF93-6706-4F86-95AC-587DACED5B3E}"
EndProject
Project("{8BC9CEB8-8B4A-11D0-8D11-00A0C91BC942}") = "REQ-AUTH-04", "REQ-AUTH-04\REQ-AUTH-04.vcxproj", "{41FE30EA-06C2-48AD-B854-84322599F9CF}"
EndProject
Project("{8BC9CEB8-8B4A-11D0-8D11-00A0C91BC942}") = "REQ-AUTH-05", "REQ-AUTH-05\REQ-AUTH-05.vcxproj", "{2ECB3A4E-9CCC-490A-A5A6-F8EE28E41836}"
EndProject
Project("{8BC9CEB8-8B4A-11D0-8D11-00A0C91BC942}") = "REQ-AUTH-06", "REQ-AUTH-06\REQ-AUTH-06.vcxproj", "{162BA3DF-707C-4757-A45A-9984DD9C2613}"
EndProject
Project("{8BC9CEB8-8B4A-11D0-8D11-00A0C91BC942}") = "REQ-AUTH-07", "REQ-AUTH-07\REQ-AUTH-07.vcxproj", "{2ECD7B33-6E51-484A-BF27-D6F4E0C2516B}"
EndProject
Project("{8BC9CEB8-8B4A-11D0-8D11-00A0C91BC942}") = "REQ-AUTH-08", "REQ-AUTH-08\REQ-AUTH-08.vcxproj", "{7FA6F319-B319-433E-A9A8-52F1BB05036D}"
EndProject
Global
	GlobalSection(SolutionConfigurationPlatforms) = preSolution
		Debug|x64 = Debug|x64
		Debug|x86 = Debug|x86
		Release|x64 = Release|x64
		Release|x86 = Release|x86
	EndGlobalSection
	GlobalSection(ProjectConfigurationPlatforms) = postSolution
		{B0EF922F-58F1-40AF-AEA8-BFD2B3A20B7F}.Debug|x64.ActiveCfg = Debug|x64
		{B0EF922F-58F1-40AF-AEA8-BFD2B3A20B7F}.Debug|x64.Build.0 = Debug|x64
		{B0EF922F-58F1-40AF-AEA8-BFD2B3A20B7F}.Debug|x86.ActiveCfg = Debug|Win32
		{B0EF922F-58F1-40AF-AEA8-BFD2B3A20B7F}.Debug|x86.Build.0 = Debug|Win32
		{B0EF922F-58F1-40AF-AEA8-BFD2B3A20B7F}.Release|x64.ActiveCfg = Release|x64
		{B0EF922F-58F1-40AF-AEA8-BFD2B3A20B7F}.Release|x64.Build.0 = Release|x64
		{B0EF922F-58F1-40AF-AEA8-BFD2B3A20B7F}.Release|x86.ActiveCfg = Release|Win32
		{B0EF922F-58F1-40AF-AEA8-BFD2B3A20B7F}.Release|x86.Build.0 = Release|Win32
		{0C9C6ECA-21AD-46D3-B750-F06E1F065641}.Debug|x64.ActiveCfg = Debug|x64
		{0C9C6ECA-21AD-46D3-B750-F06E1F065641}.Debug|x64.Build.0 = Debug|x64
		{0C9C6ECA-21AD-46D3-B750-F06E1F065641}.Debug|x86.ActiveCfg = Debug|Win32
		{0C9C6ECA-21AD-46D3-B750-F06E1F065641}.Debug|x86.Build.0 = Debug|Win32
		{0C9C6ECA-21AD-46D3-B750-F06E1F065641}.Release|x64.ActiveCfg = Release|x64
		{0C9C6ECA-21AD-46D3-B750-F06E1F065641}.Release|x64.Build.0 = Release|x64
		{0C9C6ECA-21AD-46D3-B750-F06E1F065641}.Release|x86.ActiveCfg = Release|Win32
		{0C9C6ECA-21AD-46D3-B750-F06E1F065641}.Release|x86.Build.0 = Release|Win32
		{D0D26EC2-4761-49A9-A40A-2D07D251C33D}.Debug|x64.ActiveCfg = Debug|x64
		{D0D26EC2-4761-49A9-A40A-2D07D251C33D}.Debug|x64.Build.0 = Debug|x64
		{D0D26EC2-4761-49A9-A40A-2D07D251C33D}.Debug|x86.ActiveCfg = Debug|Win32
		{D0D26EC2-4761-49A9-A40A-2D07D251C33D}.Debug|x86.Build.0 = Debug|Win32
		{D0D26EC2-4761-49A9-A40A-2D07D251C33D}.Release|x64.ActiveCfg = Release|x64
		{D0D26EC2-4761-49A9-A40A-2D07D251C33D}.Release|x64.Build.0 = Release|x64
		{D0D26EC2-4761-49A9-A40A-2D07D251C33D}.Release|x86.ActiveCfg = Release|Win32
		{D0D26EC2-4761-49A9-A40A-2D07D251C33D}.Release|x86.Build.0 = Release|Win32
		{83ACEF93-6706-4F86-95AC-587DACED5B3E}.Debug|x64.ActiveCfg = Debug|x64
		{83ACEF93-6706-4F86-95AC-587DACED5B3E}.Debug|x64.Build.0 = Debug|x64
		{83ACEF93-6706-4F86-95AC-587DACED5B3E}.Debug|x86.ActiveCfg = Debug|Win32
		{83ACEF93-6706-4F86-95AC-587DACED5B3E}.Debug|x86.Build.0 = Debug|Win32
		{83ACEF93-6706-4F86-95AC-587DACED5B3E}.Release|x64.ActiveCfg = Release|x64
		{83ACEF93-6706-4F86-95AC-587DACED5B3E}.Release|x64.Build.0 = Release|x64
		{83ACEF93-6706-4F86-95AC-587DACED5B3E}.Release|x86.ActiveCfg = Release|Win32
		{83ACEF93-6706-4F86-95AC-587DACED5B3E}.Release|x86.Build.0 = Release|Win32
		{41FE30EA-06C2-48AD-B854-84322599F9CF}.Debug|x64.ActiveCfg = Debug|x64
		{41FE30EA-06C2-48AD-B854-84322599F9CF}.Debug|x64.Build.0 = Debug|x64
		{41FE30EA-06C2-48AD-B854-84322599F9CF}.Debug|x86.ActiveCfg = Debug|Win32
		{41FE30EA-06C2-48AD-B854-84322599F9CF}.Debug|x86.Build.0 = Debug|Win32
		{41FE30EA-06C2-48AD-B854-84322599F9CF}.Release|x64.ActiveCfg = Release|x64
		{41FE30EA-06C2-48AD-B854-84322599F9CF}.Release|x64.Build.0 = Release|x64
		{41FE30EA-06C2-48AD-B854-84322599F9CF}.Release|x86.ActiveCfg = Release|Win32
		{41FE30EA-06C2-48AD-B854-84322599F9CF}.Release|x86.Build.0 = Release|Win32
		{2ECB3A4E-9CCC-490A-A5A6-F8EE28E41836}.Debug|x64.ActiveCfg = Debug|x64
		{2ECB3A4E-9CCC-490A-A5A6-F8EE28E41836}.Debug|x64.Build.0 = Debug|x64
		{2ECB3A4E-9CCC-490A-A5A6-F8EE28E41836}.Debug|x86.ActiveCfg = Debug|Win32
		{2ECB3A4E-9CCC-490A-A5A6-F8EE28E41836}.Debug|x86.Build.0 = Debug|Win32
		{2ECB3A4E-9CCC-490A-A5A6-F8EE28E41836}.Release|x64.ActiveCfg = Release|x64
		{2ECB3A4E-9CCC-490A-A5A6-F8EE28E41836}.Release|x64.Build.0 = Release|x64
		{2ECB3A4E-9CCC-490A-A5A6-F8EE28E41836}.Release|x86.ActiveCfg = Release|Win32
		{2ECB3A4E-9CCC-490A-A5A6-F8EE28E41836}.Release|x86.Build.0 = Release|Win32
		{162BA3DF-707C-4757-A45A-9984DD9C2613}.Debug|x64.ActiveCfg = Debug|x64
		{162BA3DF-707C-4757-A45A-9984DD9C2613}.Debug|x64.Build.0 = Debug|x64
		{162BA3DF-707C-4757-A45A-9984DD9C2613}.Debug|x86.ActiveCfg = Debug|Win32
		{162BA3DF-707C-4757-A45A-9984DD9C2613}.Debug|x86.Build.0 = Debug|Win32
		{162BA3DF-707C-4757-A45A-9984DD9C2613}.Release|x64.ActiveCfg = Release|x64
		{162BA3DF-707C-4757-A45A-9984DD9C2613}.Release|x64.Build.0 = Release|x64
		{162BA3DF-707C-4757-A45A-9984DD9C2613}.Release|x86.ActiveCfg = Release|Win32
		{162BA3DF-707C-4757-A45A-9984DD9C2613}.Release|x86.Build.0 = Release|Win32
		{2ECD7B33-6E51-484A-BF27-D6F4E0C2516B}.Debug|x64.ActiveCfg = Debug|x64
		{2ECD7B33-6E51-484A-BF27-D6F4E0C2516B}.Debug|x64.Build.0 = Debug|x64
		{2ECD7B33-6E51-484A-BF27-D6F4E0C2516B}.Debug|x86.ActiveCfg = Debug|Win32
		{2ECD7B33-6E51-484A-BF27-D6F4E0C2516B}.Debug|x86.Build.0 = Debug|Win32
		{2ECD7B33-6E51-484A-BF27-D6F4E0C2516B}.Release|x64.ActiveCfg = Release|x64
		{2ECD7B33-6E51-484A-BF27-D6F4E0C2516B}.Release|x64.Build.0 = Release|x64
		{2ECD7B33-6E51-484A-BF27-D6F4E0C2516B}.Release|x86.ActiveCfg = Release|Win32
		{2ECD7B33-6E51-484A-BF27-D6F4E0C2516B}.Release|x86.Build.0 = Release|Win32
		{7FA6F319-B319-433E-A9A8-52F1BB05036D}.Debug|x64.ActiveCfg = Debug|x64
		{7FA6F319-B319-433E-A9A8-52F1BB05036D}.Debug|x64.Build.0 = Debug|x64
		{7FA6F319-B319-433E-A9A8-52F1BB05036D}.Debug|x86.ActiveCfg = Debug|Win32
		{7FA6F319-B319-433E-A9A8-52F1BB05036D}.Debug|x86.Build.0 = Debug|Win32
		{7FA6F319-B319-433E-A9A8-52F1BB05036D}.Release|x64.ActiveCfg = Release|x64
		{7FA6F319-B319-433E-A9A8-52F1BB05036D}.Release|x64.Build.0 = Release|x64
		{7FA6F319-B319-433E-A9A8-52F1BB05036D}.Release|x86.ActiveCfg = Release|Win32
		{7FA6F319-B319-433E-A9A8-52F1BB05036D}.Release|x86.Build.0 = Release|Win32
	EndGlobalSection
	GlobalSection(SolutionProperties) = preSolution
		HideSolutionNode = FALSE
	EndGlobalSection
	GlobalSection(ExtensibilityGlobals) = postSolution
		SolutionGuid = {6F901EFB-07B7-4E2D-BE3A-23C429CE21E6}
	EndGlobalSection
EndGlobal
