
Microsoft Visual Studio Solution File, Format Version 12.00
# Visual Studio Version 17
VisualStudioVersion = 17.3.32825.248
MinimumVisualStudioVersion = 10.0.40219.1
Project("{8BC9CEB8-8B4A-11D0-8D11-00A0C91BC942}") = "TeamBasedSoftware-Sec2-Group 10", "TeamBasedSoftware-Sec2-Group 10\TeamBasedSoftware-Sec2-Group 10.vcxproj", "{B0EF922F-58F1-40AF-AEA8-BFD2B3A20B7F}"
EndProject
Project("{8BC9CEB8-8B4A-11D0-8D11-00A0C91BC942}") = "REQ-SUP-001", "REQ-SUP-001\REQ-SUP-001.vcxproj", "{5EE51AEA-ED93-4D06-807C-DF3506C7D62D}"
EndProject
Project("{8BC9CEB8-8B4A-11D0-8D11-00A0C91BC942}") = "REQ-SUP-002", "REQ-SUP-002\REQ-SUP-002.vcxproj", "{2E83F103-4A89-49D3-ADB3-2CA47F353F75}"
EndProject
Project("{8BC9CEB8-8B4A-11D0-8D11-00A0C91BC942}") = "REQ-SUP-003", "REQ-SUP-003\REQ-SUP-003.vcxproj", "{3F942DAC-9B0F-42B8-BE25-70316F32FCD4}"
EndProject
Project("{8BC9CEB8-8B4A-11D0-8D11-00A0C91BC942}") = "REQ-SUP-004", "REQ-SUP-004\REQ-SUP-004.vcxproj", "{5B42E432-C323-45E4-B2B3-0E5A32ADE863}"
EndProject
Project("{8BC9CEB8-8B4A-11D0-8D11-00A0C91BC942}") = "REQ-SUP-005", "REQ-SUP-005\REQ-SUP-005.vcxproj", "{DDB1FC8D-D04F-4300-BFA0-B3B77EE2E585}"
EndProject
Project("{8BC9CEB8-8B4A-11D0-8D11-00A0C91BC942}") = "REQ-SUP-006", "REQ-SUP-006\REQ-SUP-006.vcxproj", "{B575CC13-A4F2-42C8-8959-8377F01BF87A}"
EndProject
Project("{8BC9CEB8-8B4A-11D0-8D11-00A0C91BC942}") = "REQ-SUP-007", "REQ-SUP-007\REQ-SUP-007.vcxproj", "{59D4481F-7697-4E25-84AA-FEA86E6C640F}"
EndProject
Project("{8BC9CEB8-8B4A-11D0-8D11-00A0C91BC942}") = "REQ-SUP-008", "REQ-SUP-008\REQ-SUP-008.vcxproj", "{4497DA04-0BCD-43CA-8C23-B401BBF2765B}"
EndProject
Global
	GlobalSection(SolutionConfigurationPlatforms) = preSolution
		Debug|x64 = Debug|x64
		Debug|x86 = Debug|x86
		Release|x64 = Release|x64
		Release|x86 = Release|x86
	EndGlobalSection
	GlobalSection(ProjectConfigurationPlatforms) = postSolution
		{B0EF922F-58F1-40AF-AEA8-BFD2B3A20B7F}.Debug|x64.ActiveCfg = Debug|x64
		{B0EF922F-58F1-40AF-AEA8-BFD2B3A20B7F}.Debug|x64.Build.0 = Debug|x64
		{B0EF922F-58F1-40AF-AEA8-BFD2B3A20B7F}.Debug|x86.ActiveCfg = Debug|Win32
		{B0EF922F-58F1-40AF-AEA8-BFD2B3A20B7F}.Debug|x86.Build.0 = Debug|Win32
		{B0EF922F-58F1-40AF-AEA8-BFD2B3A20B7F}.Release|x64.ActiveCfg = Release|x64
		{B0EF922F-58F1-40AF-AEA8-BFD2B3A20B7F}.Release|x64.Build.0 = Release|x64
		{B0EF922F-58F1-40AF-AEA8-BFD2B3A20B7F}.Release|x86.ActiveCfg = Release|Win32
		{B0EF922F-58F1-40AF-AEA8-BFD2B3A20B7F}.Release|x86.Build.0 = Release|Win32
		{5EE51AEA-ED93-4D06-807C-DF3506C7D62D}.Debug|x64.ActiveCfg = Debug|x64
		{5EE51AEA-ED93-4D06-807C-DF3506C7D62D}.Debug|x64.Build.0 = Debug|x64
		{5EE51AEA-ED93-4D06-807C-DF3506C7D62D}.Debug|x86.ActiveCfg = Debug|Win32
		{5EE51AEA-ED93-4D06-807C-DF3506C7D62D}.Debug|x86.Build.0 = Debug|Win32
		{5EE51AEA-ED93-4D06-807C-DF3506C7D62D}.Release|x64.ActiveCfg = Release|x64
		{5EE51AEA-ED93-4D06-807C-DF3506C7D62D}.Release|x64.Build.0 = Release|x64
		{5EE51AEA-ED93-4D06-807C-DF3506C7D62D}.Release|x86.ActiveCfg = Release|Win32
		{5EE51AEA-ED93-4D06-807C-DF3506C7D62D}.Release|x86.Build.0 = Release|Win32
		{2E83F103-4A89-49D3-ADB3-2CA47F353F75}.Debug|x64.ActiveCfg = Debug|x64
		{2E83F103-4A89-49D3-ADB3-2CA47F353F75}.Debug|x64.Build.0 = Debug|x64
		{2E83F103-4A89-49D3-ADB3-2CA47F353F75}.Debug|x86.ActiveCfg = Debug|Win32
		{2E83F103-4A89-49D3-ADB3-2CA47F353F75}.Debug|x86.Build.0 = Debug|Win32
		{2E83F103-4A89-49D3-ADB3-2CA47F353F75}.Release|x64.ActiveCfg = Release|x64
		{2E83F103-4A89-49D3-ADB3-2CA47F353F75}.Release|x64.Build.0 = Release|x64
		{2E83F103-4A89-49D3-ADB3-2CA47F353F75}.Release|x86.ActiveCfg = Release|Win32
		{2E83F103-4A89-49D3-ADB3-2CA47F353F75}.Release|x86.Build.0 = Release|Win32
		{3F942DAC-9B0F-42B8-BE25-70316F32FCD4}.Debug|x64.ActiveCfg = Debug|x64
		{3F942DAC-9B0F-42B8-BE25-70316F32FCD4}.Debug|x64.Build.0 = Debug|x64
		{3F942DAC-9B0F-42B8-BE25-70316F32FCD4}.Debug|x86.ActiveCfg = Debug|Win32
		{3F942DAC-9B0F-42B8-BE25-70316F32FCD4}.Debug|x86.Build.0 = Debug|Win32
		{3F942DAC-9B0F-42B8-BE25-70316F32FCD4}.Release|x64.ActiveCfg = Release|x64
		{3F942DAC-9B0F-42B8-BE25-70316F32FCD4}.Release|x64.Build.0 = Release|x64
		{3F942DAC-9B0F-42B8-BE25-70316F32FCD4}.Release|x86.ActiveCfg = Release|Win32
		{3F942DAC-9B0F-42B8-BE25-70316F32FCD4}.Release|x86.Build.0 = Release|Win32
		{5B42E432-C323-45E4-B2B3-0E5A32ADE863}.Debug|x64.ActiveCfg = Debug|x64
		{5B42E432-C323-45E4-B2B3-0E5A32ADE863}.Debug|x64.Build.0 = Debug|x64
		{5B42E432-C323-45E4-B2B3-0E5A32ADE863}.Debug|x86.ActiveCfg = Debug|Win32
		{5B42E432-C323-45E4-B2B3-0E5A32ADE863}.Debug|x86.Build.0 = Debug|Win32
		{5B42E432-C323-45E4-B2B3-0E5A32ADE863}.Release|x64.ActiveCfg = Release|x64
		{5B42E432-C323-45E4-B2B3-0E5A32ADE863}.Release|x64.Build.0 = Release|x64
		{5B42E432-C323-45E4-B2B3-0E5A32ADE863}.Release|x86.ActiveCfg = Release|Win32
		{5B42E432-C323-45E4-B2B3-0E5A32ADE863}.Release|x86.Build.0 = Release|Win32
		{DDB1FC8D-D04F-4300-BFA0-B3B77EE2E585}.Debug|x64.ActiveCfg = Debug|x64
		{DDB1FC8D-D04F-4300-BFA0-B3B77EE2E585}.Debug|x64.Build.0 = Debug|x64
		{DDB1FC8D-D04F-4300-BFA0-B3B77EE2E585}.Debug|x86.ActiveCfg = Debug|Win32
		{DDB1FC8D-D04F-4300-BFA0-B3B77EE2E585}.Debug|x86.Build.0 = Debug|Win32
		{DDB1FC8D-D04F-4300-BFA0-B3B77EE2E585}.Release|x64.ActiveCfg = Release|x64
		{DDB1FC8D-D04F-4300-BFA0-B3B77EE2E585}.Release|x64.Build.0 = Release|x64
		{DDB1FC8D-D04F-4300-BFA0-B3B77EE2E585}.Release|x86.ActiveCfg = Release|Win32
		{DDB1FC8D-D04F-4300-BFA0-B3B77EE2E585}.Release|x86.Build.0 = Release|Win32
		{B575CC13-A4F2-42C8-8959-8377F01BF87A}.Debug|x64.ActiveCfg = Debug|x64
		{B575CC13-A4F2-42C8-8959-8377F01BF87A}.Debug|x64.Build.0 = Debug|x64
		{B575CC13-A4F2-42C8-8959-8377F01BF87A}.Debug|x86.ActiveCfg = Debug|Win32
		{B575CC13-A4F2-42C8-8959-8377F01BF87A}.Debug|x86.Build.0 = Debug|Win32
		{B575CC13-A4F2-42C8-8959-8377F01BF87A}.Release|x64.ActiveCfg = Release|x64
		{B575CC13-A4F2-42C8-8959-8377F01BF87A}.Release|x64.Build.0 = Release|x64
		{B575CC13-A4F2-42C8-8959-8377F01BF87A}.Release|x86.ActiveCfg = Release|Win32
		{B575CC13-A4F2-42C8-8959-8377F01BF87A}.Release|x86.Build.0 = Release|Win32
		{59D4481F-7697-4E25-84AA-FEA86E6C640F}.Debug|x64.ActiveCfg = Debug|x64
		{59D4481F-7697-4E25-84AA-FEA86E6C640F}.Debug|x64.Build.0 = Debug|x64
		{59D4481F-7697-4E25-84AA-FEA86E6C640F}.Debug|x86.ActiveCfg = Debug|Win32
		{59D4481F-7697-4E25-84AA-FEA86E6C640F}.Debug|x86.Build.0 = Debug|Win32
		{59D4481F-7697-4E25-84AA-FEA86E6C640F}.Release|x64.ActiveCfg = Release|x64
		{59D4481F-7697-4E25-84AA-FEA86E6C640F}.Release|x64.Build.0 = Release|x64
		{59D4481F-7697-4E25-84AA-FEA86E6C640F}.Release|x86.ActiveCfg = Release|Win32
		{59D4481F-7697-4E25-84AA-FEA86E6C640F}.Release|x86.Build.0 = Release|Win32
		{4497DA04-0BCD-43CA-8C23-B401BBF2765B}.Debug|x64.ActiveCfg = Debug|x64
		{4497DA04-0BCD-43CA-8C23-B401BBF2765B}.Debug|x64.Build.0 = Debug|x64
		{4497DA04-0BCD-43CA-8C23-B401BBF2765B}.Debug|x86.ActiveCfg = Debug|Win32
		{4497DA04-0BCD-43CA-8C23-B401BBF2765B}.Debug|x86.Build.0 = Debug|Win32
		{4497DA04-0BCD-43CA-8C23-B401BBF2765B}.Release|x64.ActiveCfg = Release|x64
		{4497DA04-0BCD-43CA-8C23-B401BBF2765B}.Release|x64.Build.0 = Release|x64
		{4497DA04-0BCD-43CA-8C23-B401BBF2765B}.Release|x86.ActiveCfg = Release|Win32
		{4497DA04-0BCD-43CA-8C23-B401BBF2765B}.Release|x86.Build.0 = Release|Win32
	EndGlobalSection
	GlobalSection(SolutionProperties) = preSolution
		HideSolutionNode = FALSE
	EndGlobalSection
	GlobalSection(ExtensibilityGlobals) = postSolution
		SolutionGuid = {6F901EFB-07B7-4E2D-BE3A-23C429CE21E6}
	EndGlobalSection
EndGlobal
